
Microsoft Visual Studio Solution File, Format Version 12.00
# Visual Studio Version 17
VisualStudioVersion = 17.4.33205.214
MinimumVisualStudioVersion = 10.0.40219.1
Project("{9A19103F-16F7-4668-BE54-9A1E7A4F7556}") = "JN.Ordersystem.API", "JN.Ordersystem.API\JN.Ordersystem.API.csproj", "{4356C600-B864-4458-8C3F-54E86E121011}"
EndProject
Project("{9A19103F-16F7-4668-BE54-9A1E7A4F7556}") = "JN.Ordersystem.DAL", "JN.Ordersystem.DAL\JN.Ordersystem.DAL.csproj", "{17F6266C-6ED1-4659-A17B-FB573BF56A6E}"
EndProject
Project("{9A19103F-16F7-4668-BE54-9A1E7A4F7556}") = "JN.Ordersystem.BL", "JN.Ordersystem.BL\JN.Ordersystem.BL.csproj", "{3EB08077-9B20-4736-A91A-6A17B28FC070}"
EndProject
Project("{9A19103F-16F7-4668-BE54-9A1E7A4F7556}") = "JN.Ordersystem.UI", "JN.Ordersystem.UI\JN.Ordersystem.UI.csproj", "{676BDC0D-447C-4EF2-84FC-152D70F5BF33}"
EndProject
Project("{2150E333-8FDC-42A3-9474-1A3956D46DE8}") = "Solution Items", "Solution Items", "{DE1F951D-C2B9-480B-89A3-E73C6C504503}"
	ProjectSection(SolutionItems) = preProject
		README.md = README.md
	EndProjectSection
EndProject
Global
	GlobalSection(SolutionConfigurationPlatforms) = preSolution
		Debug|Any CPU = Debug|Any CPU
		Release|Any CPU = Release|Any CPU
	EndGlobalSection
	GlobalSection(ProjectConfigurationPlatforms) = postSolution
		{4356C600-B864-4458-8C3F-54E86E121011}.Debug|Any CPU.ActiveCfg = Debug|Any CPU
		{4356C600-B864-4458-8C3F-54E86E121011}.Debug|Any CPU.Build.0 = Debug|Any CPU
		{4356C600-B864-4458-8C3F-54E86E121011}.Release|Any CPU.ActiveCfg = Release|Any CPU
		{4356C600-B864-4458-8C3F-54E86E121011}.Release|Any CPU.Build.0 = Release|Any CPU
		{17F6266C-6ED1-4659-A17B-FB573BF56A6E}.Debug|Any CPU.ActiveCfg = Debug|Any CPU
		{17F6266C-6ED1-4659-A17B-FB573BF56A6E}.Debug|Any CPU.Build.0 = Debug|Any CPU
		{17F6266C-6ED1-4659-A17B-FB573BF56A6E}.Release|Any CPU.ActiveCfg = Release|Any CPU
		{17F6266C-6ED1-4659-A17B-FB573BF56A6E}.Release|Any CPU.Build.0 = Release|Any CPU
		{3EB08077-9B20-4736-A91A-6A17B28FC070}.Debug|Any CPU.ActiveCfg = Debug|Any CPU
		{3EB08077-9B20-4736-A91A-6A17B28FC070}.Debug|Any CPU.Build.0 = Debug|Any CPU
		{3EB08077-9B20-4736-A91A-6A17B28FC070}.Release|Any CPU.ActiveCfg = Release|Any CPU
		{3EB08077-9B20-4736-A91A-6A17B28FC070}.Release|Any CPU.Build.0 = Release|Any CPU
		{676BDC0D-447C-4EF2-84FC-152D70F5BF33}.Debug|Any CPU.ActiveCfg = Debug|Any CPU
		{676BDC0D-447C-4EF2-84FC-152D70F5BF33}.Debug|Any CPU.Build.0 = Debug|Any CPU
		{676BDC0D-447C-4EF2-84FC-152D70F5BF33}.Release|Any CPU.ActiveCfg = Release|Any CPU
		{676BDC0D-447C-4EF2-84FC-152D70F5BF33}.Release|Any CPU.Build.0 = Release|Any CPU
	EndGlobalSection
	GlobalSection(SolutionProperties) = preSolution
		HideSolutionNode = FALSE
	EndGlobalSection
	GlobalSection(ExtensibilityGlobals) = postSolution
		SolutionGuid = {BA844D52-94FB-4957-9567-6603D2BDBB88}
	EndGlobalSection
EndGlobal
